
Microsoft Visual Studio Solution File, Format Version 12.00
Project("{2150E333-8FDC-42A3-9474-1A3956D46DE8}") = "src", "src", "{827E0CD3-B72D-47B6-A68D-7590B98EB39B}"
EndProject
Project("{FAE04EC0-301F-11D3-BF4B-00C04F79EFBC}") = "MusicOrganizer.Domain", "src\MusicOrganizer.Domain\MusicOrganizer.Domain.csproj", "{130A93DE-3660-4274-8B0A-253DC13DC6FE}"
EndProject
Project("{FAE04EC0-301F-11D3-BF4B-00C04F79EFBC}") = "MusicOrganizer.Application", "src\MusicOrganizer.Application\MusicOrganizer.Application.csproj", "{416E3782-92F3-485C-A406-D98D1154BC6C}"
EndProject
Project("{FAE04EC0-301F-11D3-BF4B-00C04F79EFBC}") = "MusicOrganizer.Shared", "src\MusicOrganizer.Shared\MusicOrganizer.Shared.csproj", "{B71B1403-BD1D-4C83-A7C8-F3191DCB5B46}"
EndProject
Project("{FAE04EC0-301F-11D3-BF4B-00C04F79EFBC}") = "MusicOrganizer.Infrastructure", "src\MusicOrganizer.Infrastructure\MusicOrganizer.Infrastructure.csproj", "{66F5EA9B-BF63-45D7-A90F-E555C2AA231F}"
EndProject
Project("{FAE04EC0-301F-11D3-BF4B-00C04F79EFBC}") = "MusicOrganizer.Cli", "src\MusicOrganizer.Cli\MusicOrganizer.Cli.csproj", "{DE174EE1-4747-49BE-A77E-AEE8EE69EBA3}"
EndProject
Project("{2150E333-8FDC-42A3-9474-1A3956D46DE8}") = "tests", "tests", "{0AB3BF05-4346-4AA6-1389-037BE0695223}"
EndProject
Project("{FAE04EC0-301F-11D3-BF4B-00C04F79EFBC}") = "MusicOrganizer.Tests", "tests\MusicOrganizer.Tests\MusicOrganizer.Tests.csproj", "{9801BAAA-3699-4FFE-B3A2-BD0FF05C474B}"
EndProject
Global
	GlobalSection(SolutionConfigurationPlatforms) = preSolution
		Debug|Any CPU = Debug|Any CPU
		Debug|x64 = Debug|x64
		Debug|x86 = Debug|x86
		Release|Any CPU = Release|Any CPU
		Release|x64 = Release|x64
		Release|x86 = Release|x86
	EndGlobalSection
	GlobalSection(ProjectConfigurationPlatforms) = postSolution
		{130A93DE-3660-4274-8B0A-253DC13DC6FE}.Debug|Any CPU.ActiveCfg = Debug|Any CPU
		{130A93DE-3660-4274-8B0A-253DC13DC6FE}.Debug|Any CPU.Build.0 = Debug|Any CPU
		{130A93DE-3660-4274-8B0A-253DC13DC6FE}.Debug|x64.ActiveCfg = Debug|Any CPU
		{130A93DE-3660-4274-8B0A-253DC13DC6FE}.Debug|x64.Build.0 = Debug|Any CPU
		{130A93DE-3660-4274-8B0A-253DC13DC6FE}.Debug|x86.ActiveCfg = Debug|Any CPU
		{130A93DE-3660-4274-8B0A-253DC13DC6FE}.Debug|x86.Build.0 = Debug|Any CPU
		{130A93DE-3660-4274-8B0A-253DC13DC6FE}.Release|Any CPU.ActiveCfg = Release|Any CPU
		{130A93DE-3660-4274-8B0A-253DC13DC6FE}.Release|Any CPU.Build.0 = Release|Any CPU
		{130A93DE-3660-4274-8B0A-253DC13DC6FE}.Release|x64.ActiveCfg = Release|Any CPU
		{130A93DE-3660-4274-8B0A-253DC13DC6FE}.Release|x64.Build.0 = Release|Any CPU
		{130A93DE-3660-4274-8B0A-253DC13DC6FE}.Release|x86.ActiveCfg = Release|Any CPU
		{130A93DE-3660-4274-8B0A-253DC13DC6FE}.Release|x86.Build.0 = Release|Any CPU
		{416E3782-92F3-485C-A406-D98D1154BC6C}.Debug|Any CPU.ActiveCfg = Debug|Any CPU
		{416E3782-92F3-485C-A406-D98D1154BC6C}.Debug|Any CPU.Build.0 = Debug|Any CPU
		{416E3782-92F3-485C-A406-D98D1154BC6C}.Debug|x64.ActiveCfg = Debug|Any CPU
		{416E3782-92F3-485C-A406-D98D1154BC6C}.Debug|x64.Build.0 = Debug|Any CPU
		{416E3782-92F3-485C-A406-D98D1154BC6C}.Debug|x86.ActiveCfg = Debug|Any CPU
		{416E3782-92F3-485C-A406-D98D1154BC6C}.Debug|x86.Build.0 = Debug|Any CPU
		{416E3782-92F3-485C-A406-D98D1154BC6C}.Release|Any CPU.ActiveCfg = Release|Any CPU
		{416E3782-92F3-485C-A406-D98D1154BC6C}.Release|Any CPU.Build.0 = Release|Any CPU
		{416E3782-92F3-485C-A406-D98D1154BC6C}.Release|x64.ActiveCfg = Release|Any CPU
		{416E3782-92F3-485C-A406-D98D1154BC6C}.Release|x64.Build.0 = Release|Any CPU
		{416E3782-92F3-485C-A406-D98D1154BC6C}.Release|x86.ActiveCfg = Release|Any CPU
		{416E3782-92F3-485C-A406-D98D1154BC6C}.Release|x86.Build.0 = Release|Any CPU
		{B71B1403-BD1D-4C83-A7C8-F3191DCB5B46}.Debug|Any CPU.ActiveCfg = Debug|Any CPU
		{B71B1403-BD1D-4C83-A7C8-F3191DCB5B46}.Debug|Any CPU.Build.0 = Debug|Any CPU
		{B71B1403-BD1D-4C83-A7C8-F3191DCB5B46}.Debug|x64.ActiveCfg = Debug|Any CPU
		{B71B1403-BD1D-4C83-A7C8-F3191DCB5B46}.Debug|x64.Build.0 = Debug|Any CPU
		{B71B1403-BD1D-4C83-A7C8-F3191DCB5B46}.Debug|x86.ActiveCfg = Debug|Any CPU
		{B71B1403-BD1D-4C83-A7C8-F3191DCB5B46}.Debug|x86.Build.0 = Debug|Any CPU
		{B71B1403-BD1D-4C83-A7C8-F3191DCB5B46}.Release|Any CPU.ActiveCfg = Release|Any CPU
		{B71B1403-BD1D-4C83-A7C8-F3191DCB5B46}.Release|Any CPU.Build.0 = Release|Any CPU
		{B71B1403-BD1D-4C83-A7C8-F3191DCB5B46}.Release|x64.ActiveCfg = Release|Any CPU
		{B71B1403-BD1D-4C83-A7C8-F3191DCB5B46}.Release|x64.Build.0 = Release|Any CPU
		{B71B1403-BD1D-4C83-A7C8-F3191DCB5B46}.Release|x86.ActiveCfg = Release|Any CPU
		{B71B1403-BD1D-4C83-A7C8-F3191DCB5B46}.Release|x86.Build.0 = Release|Any CPU
		{66F5EA9B-BF63-45D7-A90F-E555C2AA231F}.Debug|Any CPU.ActiveCfg = Debug|Any CPU
		{66F5EA9B-BF63-45D7-A90F-E555C2AA231F}.Debug|Any CPU.Build.0 = Debug|Any CPU
		{66F5EA9B-BF63-45D7-A90F-E555C2AA231F}.Debug|x64.ActiveCfg = Debug|Any CPU
		{66F5EA9B-BF63-45D7-A90F-E555C2AA231F}.Debug|x64.Build.0 = Debug|Any CPU
		{66F5EA9B-BF63-45D7-A90F-E555C2AA231F}.Debug|x86.ActiveCfg = Debug|Any CPU
		{66F5EA9B-BF63-45D7-A90F-E555C2AA231F}.Debug|x86.Build.0 = Debug|Any CPU
		{66F5EA9B-BF63-45D7-A90F-E555C2AA231F}.Release|Any CPU.ActiveCfg = Release|Any CPU
		{66F5EA9B-BF63-45D7-A90F-E555C2AA231F}.Release|Any CPU.Build.0 = Release|Any CPU
		{66F5EA9B-BF63-45D7-A90F-E555C2AA231F}.Release|x64.ActiveCfg = Release|Any CPU
		{66F5EA9B-BF63-45D7-A90F-E555C2AA231F}.Release|x64.Build.0 = Release|Any CPU
		{66F5EA9B-BF63-45D7-A90F-E555C2AA231F}.Release|x86.ActiveCfg = Release|Any CPU
		{66F5EA9B-BF63-45D7-A90F-E555C2AA231F}.Release|x86.Build.0 = Release|Any CPU
		{DE174EE1-4747-49BE-A77E-AEE8EE69EBA3}.Debug|Any CPU.ActiveCfg = Debug|Any CPU
		{DE174EE1-4747-49BE-A77E-AEE8EE69EBA3}.Debug|Any CPU.Build.0 = Debug|Any CPU
		{DE174EE1-4747-49BE-A77E-AEE8EE69EBA3}.Debug|x64.ActiveCfg = Debug|Any CPU
		{DE174EE1-4747-49BE-A77E-AEE8EE69EBA3}.Debug|x64.Build.0 = Debug|Any CPU
		{DE174EE1-4747-49BE-A77E-AEE8EE69EBA3}.Debug|x86.ActiveCfg = Debug|Any CPU
		{DE174EE1-4747-49BE-A77E-AEE8EE69EBA3}.Debug|x86.Build.0 = Debug|Any CPU
		{DE174EE1-4747-49BE-A77E-AEE8EE69EBA3}.Release|Any CPU.ActiveCfg = Release|Any CPU
		{DE174EE1-4747-49BE-A77E-AEE8EE69EBA3}.Release|Any CPU.Build.0 = Release|Any CPU
		{DE174EE1-4747-49BE-A77E-AEE8EE69EBA3}.Release|x64.ActiveCfg = Release|Any CPU
		{DE174EE1-4747-49BE-A77E-AEE8EE69EBA3}.Release|x64.Build.0 = Release|Any CPU
		{DE174EE1-4747-49BE-A77E-AEE8EE69EBA3}.Release|x86.ActiveCfg = Release|Any CPU
		{DE174EE1-4747-49BE-A77E-AEE8EE69EBA3}.Release|x86.Build.0 = Release|Any CPU
		{9801BAAA-3699-4FFE-B3A2-BD0FF05C474B}.Debug|Any CPU.ActiveCfg = Debug|Any CPU
		{9801BAAA-3699-4FFE-B3A2-BD0FF05C474B}.Debug|Any CPU.Build.0 = Debug|Any CPU
		{9801BAAA-3699-4FFE-B3A2-BD0FF05C474B}.Debug|x64.ActiveCfg = Debug|Any CPU
		{9801BAAA-3699-4FFE-B3A2-BD0FF05C474B}.Debug|x64.Build.0 = Debug|Any CPU
		{9801BAAA-3699-4FFE-B3A2-BD0FF05C474B}.Debug|x86.ActiveCfg = Debug|Any CPU
		{9801BAAA-3699-4FFE-B3A2-BD0FF05C474B}.Debug|x86.Build.0 = Debug|Any CPU
		{9801BAAA-3699-4FFE-B3A2-BD0FF05C474B}.Release|Any CPU.ActiveCfg = Release|Any CPU
		{9801BAAA-3699-4FFE-B3A2-BD0FF05C474B}.Release|Any CPU.Build.0 = Release|Any CPU
		{9801BAAA-3699-4FFE-B3A2-BD0FF05C474B}.Release|x64.ActiveCfg = Release|Any CPU
		{9801BAAA-3699-4FFE-B3A2-BD0FF05C474B}.Release|x64.Build.0 = Release|Any CPU
		{9801BAAA-3699-4FFE-B3A2-BD0FF05C474B}.Release|x86.ActiveCfg = Release|Any CPU
		{9801BAAA-3699-4FFE-B3A2-BD0FF05C474B}.Release|x86.Build.0 = Release|Any CPU
	EndGlobalSection
	GlobalSection(SolutionProperties) = preSolution
		HideSolutionNode = FALSE
	EndGlobalSection
	GlobalSection(NestedProjects) = preSolution
		{130A93DE-3660-4274-8B0A-253DC13DC6FE} = {827E0CD3-B72D-47B6-A68D-7590B98EB39B}
		{416E3782-92F3-485C-A406-D98D1154BC6C} = {827E0CD3-B72D-47B6-A68D-7590B98EB39B}
		{B71B1403-BD1D-4C83-A7C8-F3191DCB5B46} = {827E0CD3-B72D-47B6-A68D-7590B98EB39B}
		{66F5EA9B-BF63-45D7-A90F-E555C2AA231F} = {827E0CD3-B72D-47B6-A68D-7590B98EB39B}
		{DE174EE1-4747-49BE-A77E-AEE8EE69EBA3} = {827E0CD3-B72D-47B6-A68D-7590B98EB39B}
		{9801BAAA-3699-4FFE-B3A2-BD0FF05C474B} = {0AB3BF05-4346-4AA6-1389-037BE0695223}
	EndGlobalSection
EndGlobal
